
Microsoft Visual Studio Solution File, Format Version 12.00
# Visual Studio Version 17
VisualStudioVersion = 17.11.35327.3
MinimumVisualStudioVersion = 10.0.40219.1
Project("{FAE04EC0-301F-11D3-BF4B-00C04F79EFBC}") = "FPTStella.API", "FPTStella.API\FPTStella.API.csproj", "{477A94BB-92D2-4635-B4D6-3041CE789E4F}"
EndProject
Project("{FAE04EC0-301F-11D3-BF4B-00C04F79EFBC}") = "FPTStella.Application", "FPTStella.Application\FPTStella.Application.csproj", "{424C4990-570C-4E8D-9B85-AB26E586D05A}"
EndProject
Project("{FAE04EC0-301F-11D3-BF4B-00C04F79EFBC}") = "FPTStella.Domain", "FPTStella.Domain\FPTStella.Domain.csproj", "{4F0DBD91-BC8F-4E3C-947B-EB40860C1DBF}"
EndProject
Project("{FAE04EC0-301F-11D3-BF4B-00C04F79EFBC}") = "FPTStella.Infrastructure", "FPTStella.Infrastructure\FPTStella.Infrastructure.csproj", "{E21DDCD0-0F88-48A6-A648-31A62C473FD3}"
EndProject
Project("{FAE04EC0-301F-11D3-BF4B-00C04F79EFBC}") = "FPTStella.Contracts", "FPTStella.Contracts\FPTStella.Contracts.csproj", "{4B0E4C1F-1FB5-4208-8954-5203122A5F86}"
EndProject
Global
	GlobalSection(SolutionConfigurationPlatforms) = preSolution
		Debug|Any CPU = Debug|Any CPU
		Release|Any CPU = Release|Any CPU
	EndGlobalSection
	GlobalSection(ProjectConfigurationPlatforms) = postSolution
		{477A94BB-92D2-4635-B4D6-3041CE789E4F}.Debug|Any CPU.ActiveCfg = Debug|Any CPU
		{477A94BB-92D2-4635-B4D6-3041CE789E4F}.Debug|Any CPU.Build.0 = Debug|Any CPU
		{477A94BB-92D2-4635-B4D6-3041CE789E4F}.Release|Any CPU.ActiveCfg = Release|Any CPU
		{477A94BB-92D2-4635-B4D6-3041CE789E4F}.Release|Any CPU.Build.0 = Release|Any CPU
		{424C4990-570C-4E8D-9B85-AB26E586D05A}.Debug|Any CPU.ActiveCfg = Debug|Any CPU
		{424C4990-570C-4E8D-9B85-AB26E586D05A}.Debug|Any CPU.Build.0 = Debug|Any CPU
		{424C4990-570C-4E8D-9B85-AB26E586D05A}.Release|Any CPU.ActiveCfg = Release|Any CPU
		{424C4990-570C-4E8D-9B85-AB26E586D05A}.Release|Any CPU.Build.0 = Release|Any CPU
		{4F0DBD91-BC8F-4E3C-947B-EB40860C1DBF}.Debug|Any CPU.ActiveCfg = Debug|Any CPU
		{4F0DBD91-BC8F-4E3C-947B-EB40860C1DBF}.Debug|Any CPU.Build.0 = Debug|Any CPU
		{4F0DBD91-BC8F-4E3C-947B-EB40860C1DBF}.Release|Any CPU.ActiveCfg = Release|Any CPU
		{4F0DBD91-BC8F-4E3C-947B-EB40860C1DBF}.Release|Any CPU.Build.0 = Release|Any CPU
		{E21DDCD0-0F88-48A6-A648-31A62C473FD3}.Debug|Any CPU.ActiveCfg = Debug|Any CPU
		{E21DDCD0-0F88-48A6-A648-31A62C473FD3}.Debug|Any CPU.Build.0 = Debug|Any CPU
		{E21DDCD0-0F88-48A6-A648-31A62C473FD3}.Release|Any CPU.ActiveCfg = Release|Any CPU
		{E21DDCD0-0F88-48A6-A648-31A62C473FD3}.Release|Any CPU.Build.0 = Release|Any CPU
		{4B0E4C1F-1FB5-4208-8954-5203122A5F86}.Debug|Any CPU.ActiveCfg = Debug|Any CPU
		{4B0E4C1F-1FB5-4208-8954-5203122A5F86}.Debug|Any CPU.Build.0 = Debug|Any CPU
		{4B0E4C1F-1FB5-4208-8954-5203122A5F86}.Release|Any CPU.ActiveCfg = Release|Any CPU
		{4B0E4C1F-1FB5-4208-8954-5203122A5F86}.Release|Any CPU.Build.0 = Release|Any CPU
	EndGlobalSection
	GlobalSection(SolutionProperties) = preSolution
		HideSolutionNode = FALSE
	EndGlobalSection
	GlobalSection(ExtensibilityGlobals) = postSolution
		SolutionGuid = {85B733B5-A478-47A7-874B-D2C8FA6161FA}
	EndGlobalSection
EndGlobal
